
Microsoft Visual Studio Solution File, Format Version 12.00
# Visual Studio Version 17
VisualStudioVersion = 17.8.34330.188
MinimumVisualStudioVersion = 10.0.40219.1
Project("{9A19103F-16F7-4668-BE54-9A1E7A4F7556}") = "API_Admin", "API_Admin\API_Admin.csproj", "{153C6150-C40B-49BB-BCAE-96D6FC2004A3}"
EndProject
Project("{9A19103F-16F7-4668-BE54-9A1E7A4F7556}") = "API_User", "API_NguoiDung\API_User.csproj", "{F88F38D7-8961-4880-805A-E7F5CCBEBE1B}"
EndProject
Project("{9A19103F-16F7-4668-BE54-9A1E7A4F7556}") = "BLL", "BLL\BLL.csproj", "{6C897B8C-D486-44A0-AC6F-BD1953E5EF26}"
EndProject
Project("{9A19103F-16F7-4668-BE54-9A1E7A4F7556}") = "DAL", "DAL\DAL.csproj", "{02082358-A62B-4ECB-AB6D-AD2B1E54A336}"
EndProject
Project("{9A19103F-16F7-4668-BE54-9A1E7A4F7556}") = "DTO", "DTO\DTO.csproj", "{CF9E6F3B-09B9-4CDF-882E-89C9A2440D04}"
EndProject
Global
	GlobalSection(SolutionConfigurationPlatforms) = preSolution
		Debug|Any CPU = Debug|Any CPU
		Release|Any CPU = Release|Any CPU
	EndGlobalSection
	GlobalSection(ProjectConfigurationPlatforms) = postSolution
		{153C6150-C40B-49BB-BCAE-96D6FC2004A3}.Debug|Any CPU.ActiveCfg = Debug|Any CPU
		{153C6150-C40B-49BB-BCAE-96D6FC2004A3}.Debug|Any CPU.Build.0 = Debug|Any CPU
		{153C6150-C40B-49BB-BCAE-96D6FC2004A3}.Release|Any CPU.ActiveCfg = Release|Any CPU
		{153C6150-C40B-49BB-BCAE-96D6FC2004A3}.Release|Any CPU.Build.0 = Release|Any CPU
		{F88F38D7-8961-4880-805A-E7F5CCBEBE1B}.Debug|Any CPU.ActiveCfg = Debug|Any CPU
		{F88F38D7-8961-4880-805A-E7F5CCBEBE1B}.Debug|Any CPU.Build.0 = Debug|Any CPU
		{F88F38D7-8961-4880-805A-E7F5CCBEBE1B}.Release|Any CPU.ActiveCfg = Release|Any CPU
		{F88F38D7-8961-4880-805A-E7F5CCBEBE1B}.Release|Any CPU.Build.0 = Release|Any CPU
		{6C897B8C-D486-44A0-AC6F-BD1953E5EF26}.Debug|Any CPU.ActiveCfg = Debug|Any CPU
		{6C897B8C-D486-44A0-AC6F-BD1953E5EF26}.Debug|Any CPU.Build.0 = Debug|Any CPU
		{6C897B8C-D486-44A0-AC6F-BD1953E5EF26}.Release|Any CPU.ActiveCfg = Release|Any CPU
		{6C897B8C-D486-44A0-AC6F-BD1953E5EF26}.Release|Any CPU.Build.0 = Release|Any CPU
		{02082358-A62B-4ECB-AB6D-AD2B1E54A336}.Debug|Any CPU.ActiveCfg = Debug|Any CPU
		{02082358-A62B-4ECB-AB6D-AD2B1E54A336}.Debug|Any CPU.Build.0 = Debug|Any CPU
		{02082358-A62B-4ECB-AB6D-AD2B1E54A336}.Release|Any CPU.ActiveCfg = Release|Any CPU
		{02082358-A62B-4ECB-AB6D-AD2B1E54A336}.Release|Any CPU.Build.0 = Release|Any CPU
		{CF9E6F3B-09B9-4CDF-882E-89C9A2440D04}.Debug|Any CPU.ActiveCfg = Debug|Any CPU
		{CF9E6F3B-09B9-4CDF-882E-89C9A2440D04}.Debug|Any CPU.Build.0 = Debug|Any CPU
		{CF9E6F3B-09B9-4CDF-882E-89C9A2440D04}.Release|Any CPU.ActiveCfg = Release|Any CPU
		{CF9E6F3B-09B9-4CDF-882E-89C9A2440D04}.Release|Any CPU.Build.0 = Release|Any CPU
	EndGlobalSection
	GlobalSection(SolutionProperties) = preSolution
		HideSolutionNode = FALSE
	EndGlobalSection
	GlobalSection(ExtensibilityGlobals) = postSolution
		SolutionGuid = {8EC89A7C-C5D4-4B5D-9224-4AC36580C3A2}
	EndGlobalSection
EndGlobal
